
Microsoft Visual Studio Solution File, Format Version 12.00
# Visual Studio 15
VisualStudioVersion = 15.0.26124.0
MinimumVisualStudioVersion = 15.0.26124.0
Project("{FAE04EC0-301F-11D3-BF4B-00C04F79EFBC}") = "Confab.Bootstrapper", "src\Bootstrapper\Confab.Bootstrapper\Confab.Bootstrapper.csproj", "{E59A7AFB-9548-46AA-9C07-67972FE9148B}"
EndProject
Project("{2150E333-8FDC-42A3-9474-1A3956D46DE8}") = "src", "src", "{1AACEF7B-4B4E-420C-A029-0567F69BD5BA}"
EndProject
Project("{2150E333-8FDC-42A3-9474-1A3956D46DE8}") = "tests", "tests", "{16892710-5809-420C-BF61-49B3B161C0D5}"
EndProject
Project("{2150E333-8FDC-42A3-9474-1A3956D46DE8}") = "Bootstrapper", "Bootstrapper", "{B8BB2B39-6C26-481A-8AEA-CDC438E46835}"
EndProject
Project("{2150E333-8FDC-42A3-9474-1A3956D46DE8}") = "Modules", "Modules", "{5DED8C51-694F-4431-BE16-11E231BA1371}"
EndProject
Project("{2150E333-8FDC-42A3-9474-1A3956D46DE8}") = "Shared", "Shared", "{F98FDB3C-2E74-4646-A31C-355AC76EE1F7}"
EndProject
Project("{FAE04EC0-301F-11D3-BF4B-00C04F79EFBC}") = "Confab.Shared.Abstractions", "src\Shared\Confab.Shared.Abstractions\Confab.Shared.Abstractions.csproj", "{CF33E685-85F0-4689-8B33-E0289576F304}"
EndProject
Project("{FAE04EC0-301F-11D3-BF4B-00C04F79EFBC}") = "Confab.Shared.Infrastructure", "src\Shared\Confab.Shared.Infrastructure\Confab.Shared.Infrastructure.csproj", "{588FDAD4-D509-4AEE-8C06-E70585DA83AF}"
EndProject
Project("{FAE04EC0-301F-11D3-BF4B-00C04F79EFBC}") = "Confab.Modules.Conferences.Api", "src\Modules\Conferences\Confab.Modules.Conferences.Api\Confab.Modules.Conferences.Api.csproj", "{97B64833-2B04-40B0-A669-176C3373F1A1}"
EndProject
Project("{2150E333-8FDC-42A3-9474-1A3956D46DE8}") = "Conferences", "Conferences", "{BDA79EF4-A57C-4D1F-BC14-2CC6FEE7592B}"
EndProject
Project("{FAE04EC0-301F-11D3-BF4B-00C04F79EFBC}") = "Confab.Modules.Conferences.Core", "src\Modules\Conferences\Confab.Modules.Conferences.Core\Confab.Modules.Conferences.Core.csproj", "{08118A86-63BC-46B4-B3D1-2CBD2D2ECF03}"
EndProject
Project("{2150E333-8FDC-42A3-9474-1A3956D46DE8}") = "Speakers", "Speakers", "{14E7112C-E813-4019-8BDD-3490E2F81EEF}"
EndProject
Project("{FAE04EC0-301F-11D3-BF4B-00C04F79EFBC}") = "Confab.Modules.Speakers.Api", "src\Modules\Speakers\Confab.Modules.Speakers.Api\Confab.Modules.Speakers.Api.csproj", "{3FA2BF0B-6E3F-41D2-A9B7-7A77B8BC6A70}"
EndProject
Project("{FAE04EC0-301F-11D3-BF4B-00C04F79EFBC}") = "Confab.Modules.Speakers.Core", "src\Modules\Speakers\Confab.Modules.Speakers.Core\Confab.Modules.Speakers.Core.csproj", "{A03BDF5E-BE49-4FE8-850F-7AA26E90D643}"
EndProject
Project("{2150E333-8FDC-42A3-9474-1A3956D46DE8}") = "Users", "Users", "{D3B0289A-8D93-44F6-A1BA-E2289081E9E1}"
EndProject
Project("{FAE04EC0-301F-11D3-BF4B-00C04F79EFBC}") = "Confab.Modules.Users.Api", "src\Modules\Users\Confab.Modules.Users.Api\Confab.Modules.Users.Api.csproj", "{FC96939E-9843-4A44-BB7D-759FE7E44C04}"
EndProject
Project("{FAE04EC0-301F-11D3-BF4B-00C04F79EFBC}") = "Confab.Modules.Users.Core", "src\Modules\Users\Confab.Modules.Users.Core\Confab.Modules.Users.Core.csproj", "{A11D2698-8786-4CFC-BA05-0022AE2CA2A6}"
EndProject
Project("{2150E333-8FDC-42A3-9474-1A3956D46DE8}") = "Tickets", "Tickets", "{347A8373-D68B-4188-8776-6C4F284AB33F}"
EndProject
Project("{FAE04EC0-301F-11D3-BF4B-00C04F79EFBC}") = "Confab.Modules.Tickets.Api", "src\Modules\Tickets\Confab.Modules.Tickets.Api\Confab.Modules.Tickets.Api.csproj", "{32128289-BED6-4957-8BE5-9B8DDCF01359}"
EndProject
Project("{FAE04EC0-301F-11D3-BF4B-00C04F79EFBC}") = "Confab.Modules.Tickets.Core", "src\Modules\Tickets\Confab.Modules.Tickets.Core\Confab.Modules.Tickets.Core.csproj", "{9EC1D772-A6D0-4A4C-A3E2-E9DAC5F5B16D}"
EndProject
Project("{2150E333-8FDC-42A3-9474-1A3956D46DE8}") = "Agendas", "Agendas", "{16F4E69F-C377-4FB6-AC7A-D1328CDD6036}"
EndProject
Project("{FAE04EC0-301F-11D3-BF4B-00C04F79EFBC}") = "Confab.Modules.Agendas.Application", "src\Modules\Agendas\Confab.Modules.Agendas.Application\Confab.Modules.Agendas.Application.csproj", "{8E5D6E35-A29E-4DF5-96B6-0142857D3BE9}"
EndProject
Project("{FAE04EC0-301F-11D3-BF4B-00C04F79EFBC}") = "Confab.Modules.Agendas.Infrastructure", "src\Modules\Agendas\Confab.Modules.Agendas.Infrastructure\Confab.Modules.Agendas.Infrastructure.csproj", "{483F111C-57E1-4170-B3CE-79AB4D445402}"
EndProject
Project("{FAE04EC0-301F-11D3-BF4B-00C04F79EFBC}") = "Confab.Modules.Agendas.Api", "src\Modules\Agendas\Confab.Modules.Agendas.Api\Confab.Modules.Agendas.Api.csproj", "{B16F84F8-334F-4902-BF17-279FA5A289E3}"
EndProject
Project("{FAE04EC0-301F-11D3-BF4B-00C04F79EFBC}") = "Confab.Modules.Agendas.Domain", "src\Modules\Agendas\Confab.Modules.Agendas.Domain\Confab.Modules.Agendas.Domain.csproj", "{51CE1C26-60F4-41C1-A91F-B57860AC32A8}"
EndProject
Project("{2150E333-8FDC-42A3-9474-1A3956D46DE8}") = "Attendances", "Attendances", "{6DE2B436-8AFC-4134-BBFB-80032AE5F986}"
EndProject
Project("{FAE04EC0-301F-11D3-BF4B-00C04F79EFBC}") = "Confab.Modules.Attendances.Api", "src\Modules\Attendances\Confab.Modules.Attendances.Api\Confab.Modules.Attendances.Api.csproj", "{BC208587-6979-4682-86B1-33E5225F3593}"
EndProject
Project("{FAE04EC0-301F-11D3-BF4B-00C04F79EFBC}") = "Confab.Modules.Attendances.Application", "src\Modules\Attendances\Confab.Modules.Attendances.Application\Confab.Modules.Attendances.Application.csproj", "{8035DF13-DD62-4F39-A6CA-6133BB510F09}"
EndProject
Project("{FAE04EC0-301F-11D3-BF4B-00C04F79EFBC}") = "Confab.Modules.Attendances.Domain", "src\Modules\Attendances\Confab.Modules.Attendances.Domain\Confab.Modules.Attendances.Domain.csproj", "{6E79DB31-E12D-4980-8C92-D2020E77489D}"
EndProject
Project("{FAE04EC0-301F-11D3-BF4B-00C04F79EFBC}") = "Confab.Modules.Attendances.Infrastructure", "src\Modules\Attendances\Confab.Modules.Attendances.Infrastructure\Confab.Modules.Attendances.Infrastructure.csproj", "{9DA937BB-A433-436F-BEC7-3306B067962F}"
EndProject
Project("{FAE04EC0-301F-11D3-BF4B-00C04F79EFBC}") = "Confab.Modules.Attendances.Tests.Unit", "tests\Modules\Attendances\Confab.Modules.Attendances.Tests.Unit\Confab.Modules.Attendances.Tests.Unit.csproj", "{AE2E51C7-A7CE-4314-8D5D-9579DA6DC787}"
EndProject
Project("{FAE04EC0-301F-11D3-BF4B-00C04F79EFBC}") = "Confab.Modules.Attendances.Tests.Integration", "tests\Modules\Attendances\Confab.Modules.Attendances.Tests.Integration\Confab.Modules.Attendances.Tests.Integration.csproj", "{9B0E2339-0CB8-453F-AE4D-5227F2418BB1}"
EndProject
Project("{FAE04EC0-301F-11D3-BF4B-00C04F79EFBC}") = "Confab.Shared.Tests", "src\Shared\Confab.Shared.Tests\Confab.Shared.Tests.csproj", "{7CC1D5FD-BA2E-4F4B-A112-138986169DF7}"
EndProject
Project("{2150E333-8FDC-42A3-9474-1A3956D46DE8}") = "Saga", "Saga", "{E2B4028C-53F5-42B9-8F55-6D179BBEC965}"
EndProject
Project("{FAE04EC0-301F-11D3-BF4B-00C04F79EFBC}") = "Confab.Modules.Saga", "src\Modules\Saga\Confab.Modules.Saga\Confab.Modules.Saga.csproj", "{D8155880-7C53-4FA6-8099-3F47E07BE7EC}"
EndProject
Global
	GlobalSection(SolutionConfigurationPlatforms) = preSolution
		Debug|Any CPU = Debug|Any CPU
		Debug|x64 = Debug|x64
		Debug|x86 = Debug|x86
		Release|Any CPU = Release|Any CPU
		Release|x64 = Release|x64
		Release|x86 = Release|x86
	EndGlobalSection
	GlobalSection(SolutionProperties) = preSolution
		HideSolutionNode = FALSE
	EndGlobalSection
	GlobalSection(ProjectConfigurationPlatforms) = postSolution
		{E59A7AFB-9548-46AA-9C07-67972FE9148B}.Debug|Any CPU.ActiveCfg = Debug|Any CPU
		{E59A7AFB-9548-46AA-9C07-67972FE9148B}.Debug|Any CPU.Build.0 = Debug|Any CPU
		{E59A7AFB-9548-46AA-9C07-67972FE9148B}.Debug|x64.ActiveCfg = Debug|Any CPU
		{E59A7AFB-9548-46AA-9C07-67972FE9148B}.Debug|x64.Build.0 = Debug|Any CPU
		{E59A7AFB-9548-46AA-9C07-67972FE9148B}.Debug|x86.ActiveCfg = Debug|Any CPU
		{E59A7AFB-9548-46AA-9C07-67972FE9148B}.Debug|x86.Build.0 = Debug|Any CPU
		{E59A7AFB-9548-46AA-9C07-67972FE9148B}.Release|Any CPU.ActiveCfg = Release|Any CPU
		{E59A7AFB-9548-46AA-9C07-67972FE9148B}.Release|Any CPU.Build.0 = Release|Any CPU
		{E59A7AFB-9548-46AA-9C07-67972FE9148B}.Release|x64.ActiveCfg = Release|Any CPU
		{E59A7AFB-9548-46AA-9C07-67972FE9148B}.Release|x64.Build.0 = Release|Any CPU
		{E59A7AFB-9548-46AA-9C07-67972FE9148B}.Release|x86.ActiveCfg = Release|Any CPU
		{E59A7AFB-9548-46AA-9C07-67972FE9148B}.Release|x86.Build.0 = Release|Any CPU
		{CF33E685-85F0-4689-8B33-E0289576F304}.Debug|Any CPU.ActiveCfg = Debug|Any CPU
		{CF33E685-85F0-4689-8B33-E0289576F304}.Debug|Any CPU.Build.0 = Debug|Any CPU
		{CF33E685-85F0-4689-8B33-E0289576F304}.Debug|x64.ActiveCfg = Debug|Any CPU
		{CF33E685-85F0-4689-8B33-E0289576F304}.Debug|x64.Build.0 = Debug|Any CPU
		{CF33E685-85F0-4689-8B33-E0289576F304}.Debug|x86.ActiveCfg = Debug|Any CPU
		{CF33E685-85F0-4689-8B33-E0289576F304}.Debug|x86.Build.0 = Debug|Any CPU
		{CF33E685-85F0-4689-8B33-E0289576F304}.Release|Any CPU.ActiveCfg = Release|Any CPU
		{CF33E685-85F0-4689-8B33-E0289576F304}.Release|Any CPU.Build.0 = Release|Any CPU
		{CF33E685-85F0-4689-8B33-E0289576F304}.Release|x64.ActiveCfg = Release|Any CPU
		{CF33E685-85F0-4689-8B33-E0289576F304}.Release|x64.Build.0 = Release|Any CPU
		{CF33E685-85F0-4689-8B33-E0289576F304}.Release|x86.ActiveCfg = Release|Any CPU
		{CF33E685-85F0-4689-8B33-E0289576F304}.Release|x86.Build.0 = Release|Any CPU
		{588FDAD4-D509-4AEE-8C06-E70585DA83AF}.Debug|Any CPU.ActiveCfg = Debug|Any CPU
		{588FDAD4-D509-4AEE-8C06-E70585DA83AF}.Debug|Any CPU.Build.0 = Debug|Any CPU
		{588FDAD4-D509-4AEE-8C06-E70585DA83AF}.Debug|x64.ActiveCfg = Debug|Any CPU
		{588FDAD4-D509-4AEE-8C06-E70585DA83AF}.Debug|x64.Build.0 = Debug|Any CPU
		{588FDAD4-D509-4AEE-8C06-E70585DA83AF}.Debug|x86.ActiveCfg = Debug|Any CPU
		{588FDAD4-D509-4AEE-8C06-E70585DA83AF}.Debug|x86.Build.0 = Debug|Any CPU
		{588FDAD4-D509-4AEE-8C06-E70585DA83AF}.Release|Any CPU.ActiveCfg = Release|Any CPU
		{588FDAD4-D509-4AEE-8C06-E70585DA83AF}.Release|Any CPU.Build.0 = Release|Any CPU
		{588FDAD4-D509-4AEE-8C06-E70585DA83AF}.Release|x64.ActiveCfg = Release|Any CPU
		{588FDAD4-D509-4AEE-8C06-E70585DA83AF}.Release|x64.Build.0 = Release|Any CPU
		{588FDAD4-D509-4AEE-8C06-E70585DA83AF}.Release|x86.ActiveCfg = Release|Any CPU
		{588FDAD4-D509-4AEE-8C06-E70585DA83AF}.Release|x86.Build.0 = Release|Any CPU
		{97B64833-2B04-40B0-A669-176C3373F1A1}.Debug|Any CPU.ActiveCfg = Debug|Any CPU
		{97B64833-2B04-40B0-A669-176C3373F1A1}.Debug|Any CPU.Build.0 = Debug|Any CPU
		{97B64833-2B04-40B0-A669-176C3373F1A1}.Debug|x64.ActiveCfg = Debug|Any CPU
		{97B64833-2B04-40B0-A669-176C3373F1A1}.Debug|x64.Build.0 = Debug|Any CPU
		{97B64833-2B04-40B0-A669-176C3373F1A1}.Debug|x86.ActiveCfg = Debug|Any CPU
		{97B64833-2B04-40B0-A669-176C3373F1A1}.Debug|x86.Build.0 = Debug|Any CPU
		{97B64833-2B04-40B0-A669-176C3373F1A1}.Release|Any CPU.ActiveCfg = Release|Any CPU
		{97B64833-2B04-40B0-A669-176C3373F1A1}.Release|Any CPU.Build.0 = Release|Any CPU
		{97B64833-2B04-40B0-A669-176C3373F1A1}.Release|x64.ActiveCfg = Release|Any CPU
		{97B64833-2B04-40B0-A669-176C3373F1A1}.Release|x64.Build.0 = Release|Any CPU
		{97B64833-2B04-40B0-A669-176C3373F1A1}.Release|x86.ActiveCfg = Release|Any CPU
		{97B64833-2B04-40B0-A669-176C3373F1A1}.Release|x86.Build.0 = Release|Any CPU
		{08118A86-63BC-46B4-B3D1-2CBD2D2ECF03}.Debug|Any CPU.ActiveCfg = Debug|Any CPU
		{08118A86-63BC-46B4-B3D1-2CBD2D2ECF03}.Debug|Any CPU.Build.0 = Debug|Any CPU
		{08118A86-63BC-46B4-B3D1-2CBD2D2ECF03}.Debug|x64.ActiveCfg = Debug|Any CPU
		{08118A86-63BC-46B4-B3D1-2CBD2D2ECF03}.Debug|x64.Build.0 = Debug|Any CPU
		{08118A86-63BC-46B4-B3D1-2CBD2D2ECF03}.Debug|x86.ActiveCfg = Debug|Any CPU
		{08118A86-63BC-46B4-B3D1-2CBD2D2ECF03}.Debug|x86.Build.0 = Debug|Any CPU
		{08118A86-63BC-46B4-B3D1-2CBD2D2ECF03}.Release|Any CPU.ActiveCfg = Release|Any CPU
		{08118A86-63BC-46B4-B3D1-2CBD2D2ECF03}.Release|Any CPU.Build.0 = Release|Any CPU
		{08118A86-63BC-46B4-B3D1-2CBD2D2ECF03}.Release|x64.ActiveCfg = Release|Any CPU
		{08118A86-63BC-46B4-B3D1-2CBD2D2ECF03}.Release|x64.Build.0 = Release|Any CPU
		{08118A86-63BC-46B4-B3D1-2CBD2D2ECF03}.Release|x86.ActiveCfg = Release|Any CPU
		{08118A86-63BC-46B4-B3D1-2CBD2D2ECF03}.Release|x86.Build.0 = Release|Any CPU
		{3FA2BF0B-6E3F-41D2-A9B7-7A77B8BC6A70}.Debug|Any CPU.ActiveCfg = Debug|Any CPU
		{3FA2BF0B-6E3F-41D2-A9B7-7A77B8BC6A70}.Debug|Any CPU.Build.0 = Debug|Any CPU
		{3FA2BF0B-6E3F-41D2-A9B7-7A77B8BC6A70}.Debug|x64.ActiveCfg = Debug|Any CPU
		{3FA2BF0B-6E3F-41D2-A9B7-7A77B8BC6A70}.Debug|x64.Build.0 = Debug|Any CPU
		{3FA2BF0B-6E3F-41D2-A9B7-7A77B8BC6A70}.Debug|x86.ActiveCfg = Debug|Any CPU
		{3FA2BF0B-6E3F-41D2-A9B7-7A77B8BC6A70}.Debug|x86.Build.0 = Debug|Any CPU
		{3FA2BF0B-6E3F-41D2-A9B7-7A77B8BC6A70}.Release|Any CPU.ActiveCfg = Release|Any CPU
		{3FA2BF0B-6E3F-41D2-A9B7-7A77B8BC6A70}.Release|Any CPU.Build.0 = Release|Any CPU
		{3FA2BF0B-6E3F-41D2-A9B7-7A77B8BC6A70}.Release|x64.ActiveCfg = Release|Any CPU
		{3FA2BF0B-6E3F-41D2-A9B7-7A77B8BC6A70}.Release|x64.Build.0 = Release|Any CPU
		{3FA2BF0B-6E3F-41D2-A9B7-7A77B8BC6A70}.Release|x86.ActiveCfg = Release|Any CPU
		{3FA2BF0B-6E3F-41D2-A9B7-7A77B8BC6A70}.Release|x86.Build.0 = Release|Any CPU
		{A03BDF5E-BE49-4FE8-850F-7AA26E90D643}.Debug|Any CPU.ActiveCfg = Debug|Any CPU
		{A03BDF5E-BE49-4FE8-850F-7AA26E90D643}.Debug|Any CPU.Build.0 = Debug|Any CPU
		{A03BDF5E-BE49-4FE8-850F-7AA26E90D643}.Debug|x64.ActiveCfg = Debug|Any CPU
		{A03BDF5E-BE49-4FE8-850F-7AA26E90D643}.Debug|x64.Build.0 = Debug|Any CPU
		{A03BDF5E-BE49-4FE8-850F-7AA26E90D643}.Debug|x86.ActiveCfg = Debug|Any CPU
		{A03BDF5E-BE49-4FE8-850F-7AA26E90D643}.Debug|x86.Build.0 = Debug|Any CPU
		{A03BDF5E-BE49-4FE8-850F-7AA26E90D643}.Release|Any CPU.ActiveCfg = Release|Any CPU
		{A03BDF5E-BE49-4FE8-850F-7AA26E90D643}.Release|Any CPU.Build.0 = Release|Any CPU
		{A03BDF5E-BE49-4FE8-850F-7AA26E90D643}.Release|x64.ActiveCfg = Release|Any CPU
		{A03BDF5E-BE49-4FE8-850F-7AA26E90D643}.Release|x64.Build.0 = Release|Any CPU
		{A03BDF5E-BE49-4FE8-850F-7AA26E90D643}.Release|x86.ActiveCfg = Release|Any CPU
		{A03BDF5E-BE49-4FE8-850F-7AA26E90D643}.Release|x86.Build.0 = Release|Any CPU
		{FC96939E-9843-4A44-BB7D-759FE7E44C04}.Debug|Any CPU.ActiveCfg = Debug|Any CPU
		{FC96939E-9843-4A44-BB7D-759FE7E44C04}.Debug|Any CPU.Build.0 = Debug|Any CPU
		{FC96939E-9843-4A44-BB7D-759FE7E44C04}.Debug|x64.ActiveCfg = Debug|Any CPU
		{FC96939E-9843-4A44-BB7D-759FE7E44C04}.Debug|x64.Build.0 = Debug|Any CPU
		{FC96939E-9843-4A44-BB7D-759FE7E44C04}.Debug|x86.ActiveCfg = Debug|Any CPU
		{FC96939E-9843-4A44-BB7D-759FE7E44C04}.Debug|x86.Build.0 = Debug|Any CPU
		{FC96939E-9843-4A44-BB7D-759FE7E44C04}.Release|Any CPU.ActiveCfg = Release|Any CPU
		{FC96939E-9843-4A44-BB7D-759FE7E44C04}.Release|Any CPU.Build.0 = Release|Any CPU
		{FC96939E-9843-4A44-BB7D-759FE7E44C04}.Release|x64.ActiveCfg = Release|Any CPU
		{FC96939E-9843-4A44-BB7D-759FE7E44C04}.Release|x64.Build.0 = Release|Any CPU
		{FC96939E-9843-4A44-BB7D-759FE7E44C04}.Release|x86.ActiveCfg = Release|Any CPU
		{FC96939E-9843-4A44-BB7D-759FE7E44C04}.Release|x86.Build.0 = Release|Any CPU
		{A11D2698-8786-4CFC-BA05-0022AE2CA2A6}.Debug|Any CPU.ActiveCfg = Debug|Any CPU
		{A11D2698-8786-4CFC-BA05-0022AE2CA2A6}.Debug|Any CPU.Build.0 = Debug|Any CPU
		{A11D2698-8786-4CFC-BA05-0022AE2CA2A6}.Debug|x64.ActiveCfg = Debug|Any CPU
		{A11D2698-8786-4CFC-BA05-0022AE2CA2A6}.Debug|x64.Build.0 = Debug|Any CPU
		{A11D2698-8786-4CFC-BA05-0022AE2CA2A6}.Debug|x86.ActiveCfg = Debug|Any CPU
		{A11D2698-8786-4CFC-BA05-0022AE2CA2A6}.Debug|x86.Build.0 = Debug|Any CPU
		{A11D2698-8786-4CFC-BA05-0022AE2CA2A6}.Release|Any CPU.ActiveCfg = Release|Any CPU
		{A11D2698-8786-4CFC-BA05-0022AE2CA2A6}.Release|Any CPU.Build.0 = Release|Any CPU
		{A11D2698-8786-4CFC-BA05-0022AE2CA2A6}.Release|x64.ActiveCfg = Release|Any CPU
		{A11D2698-8786-4CFC-BA05-0022AE2CA2A6}.Release|x64.Build.0 = Release|Any CPU
		{A11D2698-8786-4CFC-BA05-0022AE2CA2A6}.Release|x86.ActiveCfg = Release|Any CPU
		{A11D2698-8786-4CFC-BA05-0022AE2CA2A6}.Release|x86.Build.0 = Release|Any CPU
		{32128289-BED6-4957-8BE5-9B8DDCF01359}.Debug|Any CPU.ActiveCfg = Debug|Any CPU
		{32128289-BED6-4957-8BE5-9B8DDCF01359}.Debug|Any CPU.Build.0 = Debug|Any CPU
		{32128289-BED6-4957-8BE5-9B8DDCF01359}.Debug|x64.ActiveCfg = Debug|Any CPU
		{32128289-BED6-4957-8BE5-9B8DDCF01359}.Debug|x64.Build.0 = Debug|Any CPU
		{32128289-BED6-4957-8BE5-9B8DDCF01359}.Debug|x86.ActiveCfg = Debug|Any CPU
		{32128289-BED6-4957-8BE5-9B8DDCF01359}.Debug|x86.Build.0 = Debug|Any CPU
		{32128289-BED6-4957-8BE5-9B8DDCF01359}.Release|Any CPU.ActiveCfg = Release|Any CPU
		{32128289-BED6-4957-8BE5-9B8DDCF01359}.Release|Any CPU.Build.0 = Release|Any CPU
		{32128289-BED6-4957-8BE5-9B8DDCF01359}.Release|x64.ActiveCfg = Release|Any CPU
		{32128289-BED6-4957-8BE5-9B8DDCF01359}.Release|x64.Build.0 = Release|Any CPU
		{32128289-BED6-4957-8BE5-9B8DDCF01359}.Release|x86.ActiveCfg = Release|Any CPU
		{32128289-BED6-4957-8BE5-9B8DDCF01359}.Release|x86.Build.0 = Release|Any CPU
		{9EC1D772-A6D0-4A4C-A3E2-E9DAC5F5B16D}.Debug|Any CPU.ActiveCfg = Debug|Any CPU
		{9EC1D772-A6D0-4A4C-A3E2-E9DAC5F5B16D}.Debug|Any CPU.Build.0 = Debug|Any CPU
		{9EC1D772-A6D0-4A4C-A3E2-E9DAC5F5B16D}.Debug|x64.ActiveCfg = Debug|Any CPU
		{9EC1D772-A6D0-4A4C-A3E2-E9DAC5F5B16D}.Debug|x64.Build.0 = Debug|Any CPU
		{9EC1D772-A6D0-4A4C-A3E2-E9DAC5F5B16D}.Debug|x86.ActiveCfg = Debug|Any CPU
		{9EC1D772-A6D0-4A4C-A3E2-E9DAC5F5B16D}.Debug|x86.Build.0 = Debug|Any CPU
		{9EC1D772-A6D0-4A4C-A3E2-E9DAC5F5B16D}.Release|Any CPU.ActiveCfg = Release|Any CPU
		{9EC1D772-A6D0-4A4C-A3E2-E9DAC5F5B16D}.Release|Any CPU.Build.0 = Release|Any CPU
		{9EC1D772-A6D0-4A4C-A3E2-E9DAC5F5B16D}.Release|x64.ActiveCfg = Release|Any CPU
		{9EC1D772-A6D0-4A4C-A3E2-E9DAC5F5B16D}.Release|x64.Build.0 = Release|Any CPU
		{9EC1D772-A6D0-4A4C-A3E2-E9DAC5F5B16D}.Release|x86.ActiveCfg = Release|Any CPU
		{9EC1D772-A6D0-4A4C-A3E2-E9DAC5F5B16D}.Release|x86.Build.0 = Release|Any CPU
		{8E5D6E35-A29E-4DF5-96B6-0142857D3BE9}.Debug|Any CPU.ActiveCfg = Debug|Any CPU
		{8E5D6E35-A29E-4DF5-96B6-0142857D3BE9}.Debug|Any CPU.Build.0 = Debug|Any CPU
		{8E5D6E35-A29E-4DF5-96B6-0142857D3BE9}.Debug|x64.ActiveCfg = Debug|Any CPU
		{8E5D6E35-A29E-4DF5-96B6-0142857D3BE9}.Debug|x64.Build.0 = Debug|Any CPU
		{8E5D6E35-A29E-4DF5-96B6-0142857D3BE9}.Debug|x86.ActiveCfg = Debug|Any CPU
		{8E5D6E35-A29E-4DF5-96B6-0142857D3BE9}.Debug|x86.Build.0 = Debug|Any CPU
		{8E5D6E35-A29E-4DF5-96B6-0142857D3BE9}.Release|Any CPU.ActiveCfg = Release|Any CPU
		{8E5D6E35-A29E-4DF5-96B6-0142857D3BE9}.Release|Any CPU.Build.0 = Release|Any CPU
		{8E5D6E35-A29E-4DF5-96B6-0142857D3BE9}.Release|x64.ActiveCfg = Release|Any CPU
		{8E5D6E35-A29E-4DF5-96B6-0142857D3BE9}.Release|x64.Build.0 = Release|Any CPU
		{8E5D6E35-A29E-4DF5-96B6-0142857D3BE9}.Release|x86.ActiveCfg = Release|Any CPU
		{8E5D6E35-A29E-4DF5-96B6-0142857D3BE9}.Release|x86.Build.0 = Release|Any CPU
		{483F111C-57E1-4170-B3CE-79AB4D445402}.Debug|Any CPU.ActiveCfg = Debug|Any CPU
		{483F111C-57E1-4170-B3CE-79AB4D445402}.Debug|Any CPU.Build.0 = Debug|Any CPU
		{483F111C-57E1-4170-B3CE-79AB4D445402}.Debug|x64.ActiveCfg = Debug|Any CPU
		{483F111C-57E1-4170-B3CE-79AB4D445402}.Debug|x64.Build.0 = Debug|Any CPU
		{483F111C-57E1-4170-B3CE-79AB4D445402}.Debug|x86.ActiveCfg = Debug|Any CPU
		{483F111C-57E1-4170-B3CE-79AB4D445402}.Debug|x86.Build.0 = Debug|Any CPU
		{483F111C-57E1-4170-B3CE-79AB4D445402}.Release|Any CPU.ActiveCfg = Release|Any CPU
		{483F111C-57E1-4170-B3CE-79AB4D445402}.Release|Any CPU.Build.0 = Release|Any CPU
		{483F111C-57E1-4170-B3CE-79AB4D445402}.Release|x64.ActiveCfg = Release|Any CPU
		{483F111C-57E1-4170-B3CE-79AB4D445402}.Release|x64.Build.0 = Release|Any CPU
		{483F111C-57E1-4170-B3CE-79AB4D445402}.Release|x86.ActiveCfg = Release|Any CPU
		{483F111C-57E1-4170-B3CE-79AB4D445402}.Release|x86.Build.0 = Release|Any CPU
		{B16F84F8-334F-4902-BF17-279FA5A289E3}.Debug|Any CPU.ActiveCfg = Debug|Any CPU
		{B16F84F8-334F-4902-BF17-279FA5A289E3}.Debug|Any CPU.Build.0 = Debug|Any CPU
		{B16F84F8-334F-4902-BF17-279FA5A289E3}.Debug|x64.ActiveCfg = Debug|Any CPU
		{B16F84F8-334F-4902-BF17-279FA5A289E3}.Debug|x64.Build.0 = Debug|Any CPU
		{B16F84F8-334F-4902-BF17-279FA5A289E3}.Debug|x86.ActiveCfg = Debug|Any CPU
		{B16F84F8-334F-4902-BF17-279FA5A289E3}.Debug|x86.Build.0 = Debug|Any CPU
		{B16F84F8-334F-4902-BF17-279FA5A289E3}.Release|Any CPU.ActiveCfg = Release|Any CPU
		{B16F84F8-334F-4902-BF17-279FA5A289E3}.Release|Any CPU.Build.0 = Release|Any CPU
		{B16F84F8-334F-4902-BF17-279FA5A289E3}.Release|x64.ActiveCfg = Release|Any CPU
		{B16F84F8-334F-4902-BF17-279FA5A289E3}.Release|x64.Build.0 = Release|Any CPU
		{B16F84F8-334F-4902-BF17-279FA5A289E3}.Release|x86.ActiveCfg = Release|Any CPU
		{B16F84F8-334F-4902-BF17-279FA5A289E3}.Release|x86.Build.0 = Release|Any CPU
		{51CE1C26-60F4-41C1-A91F-B57860AC32A8}.Debug|Any CPU.ActiveCfg = Debug|Any CPU
		{51CE1C26-60F4-41C1-A91F-B57860AC32A8}.Debug|Any CPU.Build.0 = Debug|Any CPU
		{51CE1C26-60F4-41C1-A91F-B57860AC32A8}.Debug|x64.ActiveCfg = Debug|Any CPU
		{51CE1C26-60F4-41C1-A91F-B57860AC32A8}.Debug|x64.Build.0 = Debug|Any CPU
		{51CE1C26-60F4-41C1-A91F-B57860AC32A8}.Debug|x86.ActiveCfg = Debug|Any CPU
		{51CE1C26-60F4-41C1-A91F-B57860AC32A8}.Debug|x86.Build.0 = Debug|Any CPU
		{51CE1C26-60F4-41C1-A91F-B57860AC32A8}.Release|Any CPU.ActiveCfg = Release|Any CPU
		{51CE1C26-60F4-41C1-A91F-B57860AC32A8}.Release|Any CPU.Build.0 = Release|Any CPU
		{51CE1C26-60F4-41C1-A91F-B57860AC32A8}.Release|x64.ActiveCfg = Release|Any CPU
		{51CE1C26-60F4-41C1-A91F-B57860AC32A8}.Release|x64.Build.0 = Release|Any CPU
		{51CE1C26-60F4-41C1-A91F-B57860AC32A8}.Release|x86.ActiveCfg = Release|Any CPU
		{51CE1C26-60F4-41C1-A91F-B57860AC32A8}.Release|x86.Build.0 = Release|Any CPU
		{BC208587-6979-4682-86B1-33E5225F3593}.Debug|Any CPU.ActiveCfg = Debug|Any CPU
		{BC208587-6979-4682-86B1-33E5225F3593}.Debug|Any CPU.Build.0 = Debug|Any CPU
		{BC208587-6979-4682-86B1-33E5225F3593}.Debug|x64.ActiveCfg = Debug|Any CPU
		{BC208587-6979-4682-86B1-33E5225F3593}.Debug|x64.Build.0 = Debug|Any CPU
		{BC208587-6979-4682-86B1-33E5225F3593}.Debug|x86.ActiveCfg = Debug|Any CPU
		{BC208587-6979-4682-86B1-33E5225F3593}.Debug|x86.Build.0 = Debug|Any CPU
		{BC208587-6979-4682-86B1-33E5225F3593}.Release|Any CPU.ActiveCfg = Release|Any CPU
		{BC208587-6979-4682-86B1-33E5225F3593}.Release|Any CPU.Build.0 = Release|Any CPU
		{BC208587-6979-4682-86B1-33E5225F3593}.Release|x64.ActiveCfg = Release|Any CPU
		{BC208587-6979-4682-86B1-33E5225F3593}.Release|x64.Build.0 = Release|Any CPU
		{BC208587-6979-4682-86B1-33E5225F3593}.Release|x86.ActiveCfg = Release|Any CPU
		{BC208587-6979-4682-86B1-33E5225F3593}.Release|x86.Build.0 = Release|Any CPU
		{8035DF13-DD62-4F39-A6CA-6133BB510F09}.Debug|Any CPU.ActiveCfg = Debug|Any CPU
		{8035DF13-DD62-4F39-A6CA-6133BB510F09}.Debug|Any CPU.Build.0 = Debug|Any CPU
		{8035DF13-DD62-4F39-A6CA-6133BB510F09}.Debug|x64.ActiveCfg = Debug|Any CPU
		{8035DF13-DD62-4F39-A6CA-6133BB510F09}.Debug|x64.Build.0 = Debug|Any CPU
		{8035DF13-DD62-4F39-A6CA-6133BB510F09}.Debug|x86.ActiveCfg = Debug|Any CPU
		{8035DF13-DD62-4F39-A6CA-6133BB510F09}.Debug|x86.Build.0 = Debug|Any CPU
		{8035DF13-DD62-4F39-A6CA-6133BB510F09}.Release|Any CPU.ActiveCfg = Release|Any CPU
		{8035DF13-DD62-4F39-A6CA-6133BB510F09}.Release|Any CPU.Build.0 = Release|Any CPU
		{8035DF13-DD62-4F39-A6CA-6133BB510F09}.Release|x64.ActiveCfg = Release|Any CPU
		{8035DF13-DD62-4F39-A6CA-6133BB510F09}.Release|x64.Build.0 = Release|Any CPU
		{8035DF13-DD62-4F39-A6CA-6133BB510F09}.Release|x86.ActiveCfg = Release|Any CPU
		{8035DF13-DD62-4F39-A6CA-6133BB510F09}.Release|x86.Build.0 = Release|Any CPU
		{6E79DB31-E12D-4980-8C92-D2020E77489D}.Debug|Any CPU.ActiveCfg = Debug|Any CPU
		{6E79DB31-E12D-4980-8C92-D2020E77489D}.Debug|Any CPU.Build.0 = Debug|Any CPU
		{6E79DB31-E12D-4980-8C92-D2020E77489D}.Debug|x64.ActiveCfg = Debug|Any CPU
		{6E79DB31-E12D-4980-8C92-D2020E77489D}.Debug|x64.Build.0 = Debug|Any CPU
		{6E79DB31-E12D-4980-8C92-D2020E77489D}.Debug|x86.ActiveCfg = Debug|Any CPU
		{6E79DB31-E12D-4980-8C92-D2020E77489D}.Debug|x86.Build.0 = Debug|Any CPU
		{6E79DB31-E12D-4980-8C92-D2020E77489D}.Release|Any CPU.ActiveCfg = Release|Any CPU
		{6E79DB31-E12D-4980-8C92-D2020E77489D}.Release|Any CPU.Build.0 = Release|Any CPU
		{6E79DB31-E12D-4980-8C92-D2020E77489D}.Release|x64.ActiveCfg = Release|Any CPU
		{6E79DB31-E12D-4980-8C92-D2020E77489D}.Release|x64.Build.0 = Release|Any CPU
		{6E79DB31-E12D-4980-8C92-D2020E77489D}.Release|x86.ActiveCfg = Release|Any CPU
		{6E79DB31-E12D-4980-8C92-D2020E77489D}.Release|x86.Build.0 = Release|Any CPU
		{9DA937BB-A433-436F-BEC7-3306B067962F}.Debug|Any CPU.ActiveCfg = Debug|Any CPU
		{9DA937BB-A433-436F-BEC7-3306B067962F}.Debug|Any CPU.Build.0 = Debug|Any CPU
		{9DA937BB-A433-436F-BEC7-3306B067962F}.Debug|x64.ActiveCfg = Debug|Any CPU
		{9DA937BB-A433-436F-BEC7-3306B067962F}.Debug|x64.Build.0 = Debug|Any CPU
		{9DA937BB-A433-436F-BEC7-3306B067962F}.Debug|x86.ActiveCfg = Debug|Any CPU
		{9DA937BB-A433-436F-BEC7-3306B067962F}.Debug|x86.Build.0 = Debug|Any CPU
		{9DA937BB-A433-436F-BEC7-3306B067962F}.Release|Any CPU.ActiveCfg = Release|Any CPU
		{9DA937BB-A433-436F-BEC7-3306B067962F}.Release|Any CPU.Build.0 = Release|Any CPU
		{9DA937BB-A433-436F-BEC7-3306B067962F}.Release|x64.ActiveCfg = Release|Any CPU
		{9DA937BB-A433-436F-BEC7-3306B067962F}.Release|x64.Build.0 = Release|Any CPU
		{9DA937BB-A433-436F-BEC7-3306B067962F}.Release|x86.ActiveCfg = Release|Any CPU
		{9DA937BB-A433-436F-BEC7-3306B067962F}.Release|x86.Build.0 = Release|Any CPU
		{AE2E51C7-A7CE-4314-8D5D-9579DA6DC787}.Debug|Any CPU.ActiveCfg = Debug|Any CPU
		{AE2E51C7-A7CE-4314-8D5D-9579DA6DC787}.Debug|Any CPU.Build.0 = Debug|Any CPU
		{AE2E51C7-A7CE-4314-8D5D-9579DA6DC787}.Debug|x64.ActiveCfg = Debug|Any CPU
		{AE2E51C7-A7CE-4314-8D5D-9579DA6DC787}.Debug|x64.Build.0 = Debug|Any CPU
		{AE2E51C7-A7CE-4314-8D5D-9579DA6DC787}.Debug|x86.ActiveCfg = Debug|Any CPU
		{AE2E51C7-A7CE-4314-8D5D-9579DA6DC787}.Debug|x86.Build.0 = Debug|Any CPU
		{AE2E51C7-A7CE-4314-8D5D-9579DA6DC787}.Release|Any CPU.ActiveCfg = Release|Any CPU
		{AE2E51C7-A7CE-4314-8D5D-9579DA6DC787}.Release|Any CPU.Build.0 = Release|Any CPU
		{AE2E51C7-A7CE-4314-8D5D-9579DA6DC787}.Release|x64.ActiveCfg = Release|Any CPU
		{AE2E51C7-A7CE-4314-8D5D-9579DA6DC787}.Release|x64.Build.0 = Release|Any CPU
		{AE2E51C7-A7CE-4314-8D5D-9579DA6DC787}.Release|x86.ActiveCfg = Release|Any CPU
		{AE2E51C7-A7CE-4314-8D5D-9579DA6DC787}.Release|x86.Build.0 = Release|Any CPU
		{9B0E2339-0CB8-453F-AE4D-5227F2418BB1}.Debug|Any CPU.ActiveCfg = Debug|Any CPU
		{9B0E2339-0CB8-453F-AE4D-5227F2418BB1}.Debug|Any CPU.Build.0 = Debug|Any CPU
		{9B0E2339-0CB8-453F-AE4D-5227F2418BB1}.Debug|x64.ActiveCfg = Debug|Any CPU
		{9B0E2339-0CB8-453F-AE4D-5227F2418BB1}.Debug|x64.Build.0 = Debug|Any CPU
		{9B0E2339-0CB8-453F-AE4D-5227F2418BB1}.Debug|x86.ActiveCfg = Debug|Any CPU
		{9B0E2339-0CB8-453F-AE4D-5227F2418BB1}.Debug|x86.Build.0 = Debug|Any CPU
		{9B0E2339-0CB8-453F-AE4D-5227F2418BB1}.Release|Any CPU.ActiveCfg = Release|Any CPU
		{9B0E2339-0CB8-453F-AE4D-5227F2418BB1}.Release|Any CPU.Build.0 = Release|Any CPU
		{9B0E2339-0CB8-453F-AE4D-5227F2418BB1}.Release|x64.ActiveCfg = Release|Any CPU
		{9B0E2339-0CB8-453F-AE4D-5227F2418BB1}.Release|x64.Build.0 = Release|Any CPU
		{9B0E2339-0CB8-453F-AE4D-5227F2418BB1}.Release|x86.ActiveCfg = Release|Any CPU
		{9B0E2339-0CB8-453F-AE4D-5227F2418BB1}.Release|x86.Build.0 = Release|Any CPU
		{7CC1D5FD-BA2E-4F4B-A112-138986169DF7}.Debug|Any CPU.ActiveCfg = Debug|Any CPU
		{7CC1D5FD-BA2E-4F4B-A112-138986169DF7}.Debug|Any CPU.Build.0 = Debug|Any CPU
		{7CC1D5FD-BA2E-4F4B-A112-138986169DF7}.Debug|x64.ActiveCfg = Debug|Any CPU
		{7CC1D5FD-BA2E-4F4B-A112-138986169DF7}.Debug|x64.Build.0 = Debug|Any CPU
		{7CC1D5FD-BA2E-4F4B-A112-138986169DF7}.Debug|x86.ActiveCfg = Debug|Any CPU
		{7CC1D5FD-BA2E-4F4B-A112-138986169DF7}.Debug|x86.Build.0 = Debug|Any CPU
		{7CC1D5FD-BA2E-4F4B-A112-138986169DF7}.Release|Any CPU.ActiveCfg = Release|Any CPU
		{7CC1D5FD-BA2E-4F4B-A112-138986169DF7}.Release|Any CPU.Build.0 = Release|Any CPU
		{7CC1D5FD-BA2E-4F4B-A112-138986169DF7}.Release|x64.ActiveCfg = Release|Any CPU
		{7CC1D5FD-BA2E-4F4B-A112-138986169DF7}.Release|x64.Build.0 = Release|Any CPU
		{7CC1D5FD-BA2E-4F4B-A112-138986169DF7}.Release|x86.ActiveCfg = Release|Any CPU
		{7CC1D5FD-BA2E-4F4B-A112-138986169DF7}.Release|x86.Build.0 = Release|Any CPU
		{D8155880-7C53-4FA6-8099-3F47E07BE7EC}.Debug|Any CPU.ActiveCfg = Debug|Any CPU
		{D8155880-7C53-4FA6-8099-3F47E07BE7EC}.Debug|Any CPU.Build.0 = Debug|Any CPU
		{D8155880-7C53-4FA6-8099-3F47E07BE7EC}.Debug|x64.ActiveCfg = Debug|Any CPU
		{D8155880-7C53-4FA6-8099-3F47E07BE7EC}.Debug|x64.Build.0 = Debug|Any CPU
		{D8155880-7C53-4FA6-8099-3F47E07BE7EC}.Debug|x86.ActiveCfg = Debug|Any CPU
		{D8155880-7C53-4FA6-8099-3F47E07BE7EC}.Debug|x86.Build.0 = Debug|Any CPU
		{D8155880-7C53-4FA6-8099-3F47E07BE7EC}.Release|Any CPU.ActiveCfg = Release|Any CPU
		{D8155880-7C53-4FA6-8099-3F47E07BE7EC}.Release|Any CPU.Build.0 = Release|Any CPU
		{D8155880-7C53-4FA6-8099-3F47E07BE7EC}.Release|x64.ActiveCfg = Release|Any CPU
		{D8155880-7C53-4FA6-8099-3F47E07BE7EC}.Release|x64.Build.0 = Release|Any CPU
		{D8155880-7C53-4FA6-8099-3F47E07BE7EC}.Release|x86.ActiveCfg = Release|Any CPU
		{D8155880-7C53-4FA6-8099-3F47E07BE7EC}.Release|x86.Build.0 = Release|Any CPU
	EndGlobalSection
	GlobalSection(NestedProjects) = preSolution
		{B8BB2B39-6C26-481A-8AEA-CDC438E46835} = {1AACEF7B-4B4E-420C-A029-0567F69BD5BA}
		{5DED8C51-694F-4431-BE16-11E231BA1371} = {1AACEF7B-4B4E-420C-A029-0567F69BD5BA}
		{F98FDB3C-2E74-4646-A31C-355AC76EE1F7} = {1AACEF7B-4B4E-420C-A029-0567F69BD5BA}
		{E59A7AFB-9548-46AA-9C07-67972FE9148B} = {B8BB2B39-6C26-481A-8AEA-CDC438E46835}
		{CF33E685-85F0-4689-8B33-E0289576F304} = {F98FDB3C-2E74-4646-A31C-355AC76EE1F7}
		{588FDAD4-D509-4AEE-8C06-E70585DA83AF} = {F98FDB3C-2E74-4646-A31C-355AC76EE1F7}
		{BDA79EF4-A57C-4D1F-BC14-2CC6FEE7592B} = {5DED8C51-694F-4431-BE16-11E231BA1371}
		{97B64833-2B04-40B0-A669-176C3373F1A1} = {BDA79EF4-A57C-4D1F-BC14-2CC6FEE7592B}
		{08118A86-63BC-46B4-B3D1-2CBD2D2ECF03} = {BDA79EF4-A57C-4D1F-BC14-2CC6FEE7592B}
		{14E7112C-E813-4019-8BDD-3490E2F81EEF} = {5DED8C51-694F-4431-BE16-11E231BA1371}
		{3FA2BF0B-6E3F-41D2-A9B7-7A77B8BC6A70} = {14E7112C-E813-4019-8BDD-3490E2F81EEF}
		{A03BDF5E-BE49-4FE8-850F-7AA26E90D643} = {14E7112C-E813-4019-8BDD-3490E2F81EEF}
		{D3B0289A-8D93-44F6-A1BA-E2289081E9E1} = {5DED8C51-694F-4431-BE16-11E231BA1371}
		{FC96939E-9843-4A44-BB7D-759FE7E44C04} = {D3B0289A-8D93-44F6-A1BA-E2289081E9E1}
		{A11D2698-8786-4CFC-BA05-0022AE2CA2A6} = {D3B0289A-8D93-44F6-A1BA-E2289081E9E1}
		{347A8373-D68B-4188-8776-6C4F284AB33F} = {5DED8C51-694F-4431-BE16-11E231BA1371}
		{32128289-BED6-4957-8BE5-9B8DDCF01359} = {347A8373-D68B-4188-8776-6C4F284AB33F}
		{9EC1D772-A6D0-4A4C-A3E2-E9DAC5F5B16D} = {347A8373-D68B-4188-8776-6C4F284AB33F}
		{16F4E69F-C377-4FB6-AC7A-D1328CDD6036} = {5DED8C51-694F-4431-BE16-11E231BA1371}
		{8E5D6E35-A29E-4DF5-96B6-0142857D3BE9} = {16F4E69F-C377-4FB6-AC7A-D1328CDD6036}
		{483F111C-57E1-4170-B3CE-79AB4D445402} = {16F4E69F-C377-4FB6-AC7A-D1328CDD6036}
		{B16F84F8-334F-4902-BF17-279FA5A289E3} = {16F4E69F-C377-4FB6-AC7A-D1328CDD6036}
		{51CE1C26-60F4-41C1-A91F-B57860AC32A8} = {16F4E69F-C377-4FB6-AC7A-D1328CDD6036}
		{6DE2B436-8AFC-4134-BBFB-80032AE5F986} = {5DED8C51-694F-4431-BE16-11E231BA1371}
		{BC208587-6979-4682-86B1-33E5225F3593} = {6DE2B436-8AFC-4134-BBFB-80032AE5F986}
		{8035DF13-DD62-4F39-A6CA-6133BB510F09} = {6DE2B436-8AFC-4134-BBFB-80032AE5F986}
		{6E79DB31-E12D-4980-8C92-D2020E77489D} = {6DE2B436-8AFC-4134-BBFB-80032AE5F986}
		{9DA937BB-A433-436F-BEC7-3306B067962F} = {6DE2B436-8AFC-4134-BBFB-80032AE5F986}
		{AE2E51C7-A7CE-4314-8D5D-9579DA6DC787} = {6DE2B436-8AFC-4134-BBFB-80032AE5F986}
		{9B0E2339-0CB8-453F-AE4D-5227F2418BB1} = {6DE2B436-8AFC-4134-BBFB-80032AE5F986}
		{7CC1D5FD-BA2E-4F4B-A112-138986169DF7} = {F98FDB3C-2E74-4646-A31C-355AC76EE1F7}
		{E2B4028C-53F5-42B9-8F55-6D179BBEC965} = {5DED8C51-694F-4431-BE16-11E231BA1371}
		{D8155880-7C53-4FA6-8099-3F47E07BE7EC} = {E2B4028C-53F5-42B9-8F55-6D179BBEC965}
	EndGlobalSection
EndGlobal
